
Microsoft Visual Studio Solution File, Format Version 12.00
# Visual Studio Version 16
VisualStudioVersion = 16.0.32126.315
MinimumVisualStudioVersion = 10.0.40219.1
Project("{8BC9CEB8-8B4A-11D0-8D11-00A0C91BC942}") = "data_structures", "data_structures\data_structures.vcxproj", "{4D995E54-9430-4EDC-9D52-1A40DCDE51AE}"
EndProject
Global
	GlobalSection(SolutionConfigurationPlatforms) = preSolution
		Debug|x64 = Debug|x64
		Debug|x86 = Debug|x86
		Release|x64 = Release|x64
		Release|x86 = Release|x86
	EndGlobalSection
	GlobalSection(ProjectConfigurationPlatforms) = postSolution
		{4D995E54-9430-4EDC-9D52-1A40DCDE51AE}.Debug|x64.ActiveCfg = Debug|x64
		{4D995E54-9430-4EDC-9D52-1A40DCDE51AE}.Debug|x64.Build.0 = Debug|x64
		{4D995E54-9430-4EDC-9D52-1A40DCDE51AE}.Debug|x86.ActiveCfg = Debug|Win32
		{4D995E54-9430-4EDC-9D52-1A40DCDE51AE}.Debug|x86.Build.0 = Debug|Win32
		{4D995E54-9430-4EDC-9D52-1A40DCDE51AE}.Release|x64.ActiveCfg = Release|x64
		{4D995E54-9430-4EDC-9D52-1A40DCDE51AE}.Release|x64.Build.0 = Release|x64
		{4D995E54-9430-4EDC-9D52-1A40DCDE51AE}.Release|x86.ActiveCfg = Release|Win32
		{4D995E54-9430-4EDC-9D52-1A40DCDE51AE}.Release|x86.Build.0 = Release|Win32
	EndGlobalSection
	GlobalSection(SolutionProperties) = preSolution
		HideSolutionNode = FALSE
	EndGlobalSection
	GlobalSection(ExtensibilityGlobals) = postSolution
		SolutionGuid = {6E1A2962-288E-4A7A-A750-09F969B12B87}
	EndGlobalSection
EndGlobal
