<?xml version="1.0" encoding="UTF-8" standalone="yes" ?>
<CodeBlocks_project_file>
	<FileVersion major="1" minor="6" />
	<Project>
		<Option title="data_structures" />
		<Option pch_mode="2" />
		<Option compiler="gcc" />
		<Build>
			<Target title="Debug">
				<Option output="bin/Debug/data_structures" prefix_auto="1" extension_auto="1" />
				<Option object_output="obj/Debug/" />
				<Option type="1" />
				<Option compiler="gcc" />
				<Compiler>
					<Add option="-g" />
				</Compiler>
			</Target>
			<Target title="Release">
				<Option output="bin/Release/data_structures" prefix_auto="1" extension_auto="1" />
				<Option object_output="obj/Release/" />
				<Option type="1" />
				<Option compiler="gcc" />
				<Compiler>
					<Add option="-O2" />
				</Compiler>
				<Linker>
					<Add option="-s" />
				</Linker>
			</Target>
		</Build>
		<Compiler>
			<Add option="-Wall" />
			<Add option="-fexceptions" />
		</Compiler>
		<Unit filename="data_structures.cpp" />
		<Unit filename="hash tables/hash_table.hpp" />
		<Unit filename="hash tables/hash_table_chaining.hpp" />
		<Unit filename="hash tables/hash_table_openAddressing.hpp" />
		<Unit filename="hash tables/key_value_linkedlist.hpp" />
		<Unit filename="linkedlists/circly_singly_LinkedList.hpp" />
		<Unit filename="linkedlists/doubly_LinkedList.hpp" />
		<Unit filename="linkedlists/singly_LinkedList.hpp" />
		<Unit filename="queues/dynamic_queue.hpp" />
		<Unit filename="queues/static_queue.hpp" />
		<Unit filename="stacks/dynamic_stack.hpp" />
		<Unit filename="stacks/static_stack.hpp" />
		<Unit filename="trees/binary_tree.hpp" />
		<Unit filename="trees/dynamic_tree.hpp" />
		<Unit filename="trees/static_tree.hpp" />
		<Extensions />
	</Project>
</CodeBlocks_project_file>
